// !$*UTF8*$!
{
	archiveVersion = 1;
	classes = {
	};
	objectVersion = 46;
	objects = {

/* Begin PBXBuildFile section */
		A31513391D1B809400662E90 /* UIImageView+XHWebCache.m in Sources */ = {isa = PBXBuildFile; fileRef = A31513361D1B809400662E90 /* UIImageView+XHWebCache.m */; };
		A315133A1D1B809400662E90 /* XHLaunchAd.m in Sources */ = {isa = PBXBuildFile; fileRef = A31513381D1B809400662E90 /* XHLaunchAd.m */; };
		A396E26F1D11217600FCD03D /* main.m in Sources */ = {isa = PBXBuildFile; fileRef = A396E26E1D11217600FCD03D /* main.m */; };
		A396E2721D11217600FCD03D /* AppDelegate.m in Sources */ = {isa = PBXBuildFile; fileRef = A396E2711D11217600FCD03D /* AppDelegate.m */; };
		A396E2751D11217600FCD03D /* ViewController.m in Sources */ = {isa = PBXBuildFile; fileRef = A396E2741D11217600FCD03D /* ViewController.m */; };
		A396E2781D11217600FCD03D /* Main.storyboard in Resources */ = {isa = PBXBuildFile; fileRef = A396E2761D11217600FCD03D /* Main.storyboard */; };
		A396E27A1D11217600FCD03D /* Assets.xcassets in Resources */ = {isa = PBXBuildFile; fileRef = A396E2791D11217600FCD03D /* Assets.xcassets */; };
		A396E27D1D11217600FCD03D /* LaunchScreen.storyboard in Resources */ = {isa = PBXBuildFile; fileRef = A396E27B1D11217600FCD03D /* LaunchScreen.storyboard */; };
		A396E2881D11217600FCD03D /* ElevenBaseFrameWorkTests.m in Sources */ = {isa = PBXBuildFile; fileRef = A396E2871D11217600FCD03D /* ElevenBaseFrameWorkTests.m */; };
		A396E2931D11217600FCD03D /* ElevenBaseFrameWorkUITests.m in Sources */ = {isa = PBXBuildFile; fileRef = A396E2921D11217600FCD03D /* ElevenBaseFrameWorkUITests.m */; };
		A396E2AE1D11410C00FCD03D /* NSString+AutoSize.m in Sources */ = {isa = PBXBuildFile; fileRef = A396E2AD1D11410C00FCD03D /* NSString+AutoSize.m */; };
		A396E2B11D1141DD00FCD03D /* UIColor+TranslateColor.m in Sources */ = {isa = PBXBuildFile; fileRef = A396E2B01D1141DD00FCD03D /* UIColor+TranslateColor.m */; };
		A396E2B41D11439700FCD03D /* UIImage+GIF.m in Sources */ = {isa = PBXBuildFile; fileRef = A396E2B31D11439700FCD03D /* UIImage+GIF.m */; };
		A396E2B81D11466C00FCD03D /* loading.gif in Resources */ = {isa = PBXBuildFile; fileRef = A396E2B71D11466C00FCD03D /* loading.gif */; };
		A396E2BE1D11486900FCD03D /* UIView+Toast.m in Sources */ = {isa = PBXBuildFile; fileRef = A396E2BD1D11486900FCD03D /* UIView+Toast.m */; };
		A396E2C41D11595A00FCD03D /* UIImage+Size.m in Sources */ = {isa = PBXBuildFile; fileRef = A396E2C31D11595A00FCD03D /* UIImage+Size.m */; };
		A396E2C71D124E5D00FCD03D /* ElevenAppContext.m in Sources */ = {isa = PBXBuildFile; fileRef = A396E2C61D124E5D00FCD03D /* ElevenAppContext.m */; };
		A396E2CA1D125A1A00FCD03D /* UIDevice+Identifer.m in Sources */ = {isa = PBXBuildFile; fileRef = A396E2C91D125A1A00FCD03D /* UIDevice+Identifer.m */; };
		A396E2CD1D125A5700FCD03D /* NSString+SFNetworking.m in Sources */ = {isa = PBXBuildFile; fileRef = A396E2CC1D125A5700FCD03D /* NSString+SFNetworking.m */; };
		A396E2D11D12767900FCD03D /* NSArray+ELNetworkingMethods.m in Sources */ = {isa = PBXBuildFile; fileRef = A396E2D01D12767900FCD03D /* NSArray+ELNetworkingMethods.m */; };
		A396E2D41D12769800FCD03D /* NSDictionary+ELNetworkingMethods.m in Sources */ = {isa = PBXBuildFile; fileRef = A396E2D31D12769800FCD03D /* NSDictionary+ELNetworkingMethods.m */; };
		A396E2D71D1278E800FCD03D /* ElevenAPIProxy.m in Sources */ = {isa = PBXBuildFile; fileRef = A396E2D61D1278E800FCD03D /* ElevenAPIProxy.m */; };
		A396E2DA1D1295F600FCD03D /* UIBarButtonItem+ELBarButtonItem.m in Sources */ = {isa = PBXBuildFile; fileRef = A396E2D91D1295F600FCD03D /* UIBarButtonItem+ELBarButtonItem.m */; };
		A396E2E01D13979400FCD03D /* TabbarViewController.m in Sources */ = {isa = PBXBuildFile; fileRef = A396E2DF1D13979400FCD03D /* TabbarViewController.m */; };
		A396E2E31D13982C00FCD03D /* TabBarModel.m in Sources */ = {isa = PBXBuildFile; fileRef = A396E2E21D13982B00FCD03D /* TabBarModel.m */; };
		A396E2E51D13983C00FCD03D /* TabBar.plist in Resources */ = {isa = PBXBuildFile; fileRef = A396E2E41D13983C00FCD03D /* TabBar.plist */; };
		A396E2EB1D13AAF300FCD03D /* CustomTabbarView.m in Sources */ = {isa = PBXBuildFile; fileRef = A396E2EA1D13AAF300FCD03D /* CustomTabbarView.m */; };
		A396E2FE1D13CC6400FCD03D /* HomePagesViewController.m in Sources */ = {isa = PBXBuildFile; fileRef = A396E2FD1D13CC6400FCD03D /* HomePagesViewController.m */; };
		A396E3011D13CC7B00FCD03D /* FoundViewController.m in Sources */ = {isa = PBXBuildFile; fileRef = A396E3001D13CC7B00FCD03D /* FoundViewController.m */; };
		A396E3041D13CC9100FCD03D /* MessageViewController.m in Sources */ = {isa = PBXBuildFile; fileRef = A396E3031D13CC9100FCD03D /* MessageViewController.m */; };
		A396E3071D13CCC900FCD03D /* MineViewController.m in Sources */ = {isa = PBXBuildFile; fileRef = A396E3061D13CCC900FCD03D /* MineViewController.m */; };
		A396E30A1D17980500FCD03D /* UserInformation.m in Sources */ = {isa = PBXBuildFile; fileRef = A396E3091D17980500FCD03D /* UserInformation.m */; };
		A396E30E1D190F5E00FCD03D /* GuideViewController.m in Sources */ = {isa = PBXBuildFile; fileRef = A396E30D1D190F5E00FCD03D /* GuideViewController.m */; };
		A396E3111D190FCF00FCD03D /* GuideCollectionViewCell.m in Sources */ = {isa = PBXBuildFile; fileRef = A396E3101D190FCF00FCD03D /* GuideCollectionViewCell.m */; };
		A396E3131D1918F200FCD03D /* Guide.plist in Resources */ = {isa = PBXBuildFile; fileRef = A396E3121D1918F200FCD03D /* Guide.plist */; };
		AA1FCE3BB57EEBA800314BEC /* Pods_ElevenBaseFrameWork.framework in Frameworks */ = {isa = PBXBuildFile; fileRef = 433D529BBF2222B5B457D695 /* Pods_ElevenBaseFrameWork.framework */; };
/* End PBXBuildFile section */

/* Begin PBXContainerItemProxy section */
		A396E2841D11217600FCD03D /* PBXContainerItemProxy */ = {
			isa = PBXContainerItemProxy;
			containerPortal = A396E2621D11217600FCD03D /* Project object */;
			proxyType = 1;
			remoteGlobalIDString = A396E2691D11217600FCD03D;
			remoteInfo = ElevenBaseFrameWork;
		};
		A396E28F1D11217600FCD03D /* PBXContainerItemProxy */ = {
			isa = PBXContainerItemProxy;
			containerPortal = A396E2621D11217600FCD03D /* Project object */;
			proxyType = 1;
			remoteGlobalIDString = A396E2691D11217600FCD03D;
			remoteInfo = ElevenBaseFrameWork;
		};
/* End PBXContainerItemProxy section */

/* Begin PBXFileReference section */
		13514061A2E057168988D887 /* Pods-ElevenBaseFrameWork.release.xcconfig */ = {isa = PBXFileReference; includeInIndex = 1; lastKnownFileType = text.xcconfig; name = "Pods-ElevenBaseFrameWork.release.xcconfig"; path = "Pods/Target Support Files/Pods-ElevenBaseFrameWork/Pods-ElevenBaseFrameWork.release.xcconfig"; sourceTree = "<group>"; };
		433D529BBF2222B5B457D695 /* Pods_ElevenBaseFrameWork.framework */ = {isa = PBXFileReference; explicitFileType = wrapper.framework; includeInIndex = 0; path = Pods_ElevenBaseFrameWork.framework; sourceTree = BUILT_PRODUCTS_DIR; };
		774DB7E22D9C37D073F96BC5 /* Pods-ElevenBaseFrameWork.debug.xcconfig */ = {isa = PBXFileReference; includeInIndex = 1; lastKnownFileType = text.xcconfig; name = "Pods-ElevenBaseFrameWork.debug.xcconfig"; path = "Pods/Target Support Files/Pods-ElevenBaseFrameWork/Pods-ElevenBaseFrameWork.debug.xcconfig"; sourceTree = "<group>"; };
		A31513351D1B809400662E90 /* UIImageView+XHWebCache.h */ = {isa = PBXFileReference; fileEncoding = 4; lastKnownFileType = sourcecode.c.h; path = "UIImageView+XHWebCache.h"; sourceTree = "<group>"; };
		A31513361D1B809400662E90 /* UIImageView+XHWebCache.m */ = {isa = PBXFileReference; fileEncoding = 4; lastKnownFileType = sourcecode.c.objc; path = "UIImageView+XHWebCache.m"; sourceTree = "<group>"; };
		A31513371D1B809400662E90 /* XHLaunchAd.h */ = {isa = PBXFileReference; fileEncoding = 4; lastKnownFileType = sourcecode.c.h; path = XHLaunchAd.h; sourceTree = "<group>"; };
		A31513381D1B809400662E90 /* XHLaunchAd.m */ = {isa = PBXFileReference; fileEncoding = 4; lastKnownFileType = sourcecode.c.objc; path = XHLaunchAd.m; sourceTree = "<group>"; };
		A396E26A1D11217600FCD03D /* ElevenBaseFrameWork.app */ = {isa = PBXFileReference; explicitFileType = wrapper.application; includeInIndex = 0; path = ElevenBaseFrameWork.app; sourceTree = BUILT_PRODUCTS_DIR; };
		A396E26E1D11217600FCD03D /* main.m */ = {isa = PBXFileReference; lastKnownFileType = sourcecode.c.objc; path = main.m; sourceTree = "<group>"; };
		A396E2701D11217600FCD03D /* AppDelegate.h */ = {isa = PBXFileReference; lastKnownFileType = sourcecode.c.h; path = AppDelegate.h; sourceTree = "<group>"; };
		A396E2711D11217600FCD03D /* AppDelegate.m */ = {isa = PBXFileReference; lastKnownFileType = sourcecode.c.objc; path = AppDelegate.m; sourceTree = "<group>"; };
		A396E2731D11217600FCD03D /* ViewController.h */ = {isa = PBXFileReference; lastKnownFileType = sourcecode.c.h; path = ViewController.h; sourceTree = "<group>"; };
		A396E2741D11217600FCD03D /* ViewController.m */ = {isa = PBXFileReference; lastKnownFileType = sourcecode.c.objc; path = ViewController.m; sourceTree = "<group>"; };
		A396E2771D11217600FCD03D /* Base */ = {isa = PBXFileReference; lastKnownFileType = file.storyboard; name = Base; path = Base.lproj/Main.storyboard; sourceTree = "<group>"; };
		A396E2791D11217600FCD03D /* Assets.xcassets */ = {isa = PBXFileReference; lastKnownFileType = folder.assetcatalog; path = Assets.xcassets; sourceTree = "<group>"; };
		A396E27C1D11217600FCD03D /* Base */ = {isa = PBXFileReference; lastKnownFileType = file.storyboard; name = Base; path = Base.lproj/LaunchScreen.storyboard; sourceTree = "<group>"; };
		A396E27E1D11217600FCD03D /* Info.plist */ = {isa = PBXFileReference; lastKnownFileType = text.plist.xml; path = Info.plist; sourceTree = "<group>"; };
		A396E2831D11217600FCD03D /* ElevenBaseFrameWorkTests.xctest */ = {isa = PBXFileReference; explicitFileType = wrapper.cfbundle; includeInIndex = 0; path = ElevenBaseFrameWorkTests.xctest; sourceTree = BUILT_PRODUCTS_DIR; };
		A396E2871D11217600FCD03D /* ElevenBaseFrameWorkTests.m */ = {isa = PBXFileReference; lastKnownFileType = sourcecode.c.objc; path = ElevenBaseFrameWorkTests.m; sourceTree = "<group>"; };
		A396E2891D11217600FCD03D /* Info.plist */ = {isa = PBXFileReference; lastKnownFileType = text.plist.xml; path = Info.plist; sourceTree = "<group>"; };
		A396E28E1D11217600FCD03D /* ElevenBaseFrameWorkUITests.xctest */ = {isa = PBXFileReference; explicitFileType = wrapper.cfbundle; includeInIndex = 0; path = ElevenBaseFrameWorkUITests.xctest; sourceTree = BUILT_PRODUCTS_DIR; };
		A396E2921D11217600FCD03D /* ElevenBaseFrameWorkUITests.m */ = {isa = PBXFileReference; lastKnownFileType = sourcecode.c.objc; path = ElevenBaseFrameWorkUITests.m; sourceTree = "<group>"; };
		A396E2941D11217600FCD03D /* Info.plist */ = {isa = PBXFileReference; lastKnownFileType = text.plist.xml; path = Info.plist; sourceTree = "<group>"; };
		A396E2AC1D11410C00FCD03D /* NSString+AutoSize.h */ = {isa = PBXFileReference; fileEncoding = 4; lastKnownFileType = sourcecode.c.h; path = "NSString+AutoSize.h"; sourceTree = "<group>"; };
		A396E2AD1D11410C00FCD03D /* NSString+AutoSize.m */ = {isa = PBXFileReference; fileEncoding = 4; lastKnownFileType = sourcecode.c.objc; path = "NSString+AutoSize.m"; sourceTree = "<group>"; };
		A396E2AF1D1141DD00FCD03D /* UIColor+TranslateColor.h */ = {isa = PBXFileReference; fileEncoding = 4; lastKnownFileType = sourcecode.c.h; path = "UIColor+TranslateColor.h"; sourceTree = "<group>"; };
		A396E2B01D1141DD00FCD03D /* UIColor+TranslateColor.m */ = {isa = PBXFileReference; fileEncoding = 4; lastKnownFileType = sourcecode.c.objc; path = "UIColor+TranslateColor.m"; sourceTree = "<group>"; };
		A396E2B21D11439700FCD03D /* UIImage+GIF.h */ = {isa = PBXFileReference; fileEncoding = 4; lastKnownFileType = sourcecode.c.h; path = "UIImage+GIF.h"; sourceTree = "<group>"; };
		A396E2B31D11439700FCD03D /* UIImage+GIF.m */ = {isa = PBXFileReference; fileEncoding = 4; lastKnownFileType = sourcecode.c.objc; path = "UIImage+GIF.m"; sourceTree = "<group>"; };
		A396E2B71D11466C00FCD03D /* loading.gif */ = {isa = PBXFileReference; lastKnownFileType = image.gif; path = loading.gif; sourceTree = "<group>"; };
		A396E2BC1D11486900FCD03D /* UIView+Toast.h */ = {isa = PBXFileReference; fileEncoding = 4; lastKnownFileType = sourcecode.c.h; path = "UIView+Toast.h"; sourceTree = "<group>"; };
		A396E2BD1D11486900FCD03D /* UIView+Toast.m */ = {isa = PBXFileReference; fileEncoding = 4; lastKnownFileType = sourcecode.c.objc; path = "UIView+Toast.m"; sourceTree = "<group>"; };
		A396E2C11D11555E00FCD03D /* PrefixHeader.pch */ = {isa = PBXFileReference; lastKnownFileType = sourcecode.c.h; path = PrefixHeader.pch; sourceTree = "<group>"; };
		A396E2C21D11595A00FCD03D /* UIImage+Size.h */ = {isa = PBXFileReference; fileEncoding = 4; lastKnownFileType = sourcecode.c.h; path = "UIImage+Size.h"; sourceTree = "<group>"; };
		A396E2C31D11595A00FCD03D /* UIImage+Size.m */ = {isa = PBXFileReference; fileEncoding = 4; lastKnownFileType = sourcecode.c.objc; path = "UIImage+Size.m"; sourceTree = "<group>"; };
		A396E2C51D124E5D00FCD03D /* ElevenAppContext.h */ = {isa = PBXFileReference; fileEncoding = 4; lastKnownFileType = sourcecode.c.h; path = ElevenAppContext.h; sourceTree = "<group>"; };
		A396E2C61D124E5D00FCD03D /* ElevenAppContext.m */ = {isa = PBXFileReference; fileEncoding = 4; lastKnownFileType = sourcecode.c.objc; path = ElevenAppContext.m; sourceTree = "<group>"; };
		A396E2C81D125A1A00FCD03D /* UIDevice+Identifer.h */ = {isa = PBXFileReference; fileEncoding = 4; lastKnownFileType = sourcecode.c.h; path = "UIDevice+Identifer.h"; sourceTree = "<group>"; };
		A396E2C91D125A1A00FCD03D /* UIDevice+Identifer.m */ = {isa = PBXFileReference; fileEncoding = 4; lastKnownFileType = sourcecode.c.objc; path = "UIDevice+Identifer.m"; sourceTree = "<group>"; };
		A396E2CB1D125A5700FCD03D /* NSString+SFNetworking.h */ = {isa = PBXFileReference; fileEncoding = 4; lastKnownFileType = sourcecode.c.h; path = "NSString+SFNetworking.h"; sourceTree = "<group>"; };
		A396E2CC1D125A5700FCD03D /* NSString+SFNetworking.m */ = {isa = PBXFileReference; fileEncoding = 4; lastKnownFileType = sourcecode.c.objc; path = "NSString+SFNetworking.m"; sourceTree = "<group>"; };
		A396E2CE1D125BCE00FCD03D /* ElevenNetworkConfiguration.h */ = {isa = PBXFileReference; lastKnownFileType = sourcecode.c.h; path = ElevenNetworkConfiguration.h; sourceTree = "<group>"; };
		A396E2CF1D12767900FCD03D /* NSArray+ELNetworkingMethods.h */ = {isa = PBXFileReference; fileEncoding = 4; lastKnownFileType = sourcecode.c.h; path = "NSArray+ELNetworkingMethods.h"; sourceTree = "<group>"; };
		A396E2D01D12767900FCD03D /* NSArray+ELNetworkingMethods.m */ = {isa = PBXFileReference; fileEncoding = 4; lastKnownFileType = sourcecode.c.objc; path = "NSArray+ELNetworkingMethods.m"; sourceTree = "<group>"; };
		A396E2D21D12769800FCD03D /* NSDictionary+ELNetworkingMethods.h */ = {isa = PBXFileReference; fileEncoding = 4; lastKnownFileType = sourcecode.c.h; path = "NSDictionary+ELNetworkingMethods.h"; sourceTree = "<group>"; };
		A396E2D31D12769800FCD03D /* NSDictionary+ELNetworkingMethods.m */ = {isa = PBXFileReference; fileEncoding = 4; lastKnownFileType = sourcecode.c.objc; path = "NSDictionary+ELNetworkingMethods.m"; sourceTree = "<group>"; };
		A396E2D51D1278E800FCD03D /* ElevenAPIProxy.h */ = {isa = PBXFileReference; fileEncoding = 4; lastKnownFileType = sourcecode.c.h; path = ElevenAPIProxy.h; sourceTree = "<group>"; };
		A396E2D61D1278E800FCD03D /* ElevenAPIProxy.m */ = {isa = PBXFileReference; fileEncoding = 4; lastKnownFileType = sourcecode.c.objc; path = ElevenAPIProxy.m; sourceTree = "<group>"; };
		A396E2D81D1295F600FCD03D /* UIBarButtonItem+ELBarButtonItem.h */ = {isa = PBXFileReference; fileEncoding = 4; lastKnownFileType = sourcecode.c.h; path = "UIBarButtonItem+ELBarButtonItem.h"; sourceTree = "<group>"; };
		A396E2D91D1295F600FCD03D /* UIBarButtonItem+ELBarButtonItem.m */ = {isa = PBXFileReference; fileEncoding = 4; lastKnownFileType = sourcecode.c.objc; path = "UIBarButtonItem+ELBarButtonItem.m"; sourceTree = "<group>"; };
		A396E2DE1D13979400FCD03D /* TabbarViewController.h */ = {isa = PBXFileReference; fileEncoding = 4; lastKnownFileType = sourcecode.c.h; path = TabbarViewController.h; sourceTree = "<group>"; };
		A396E2DF1D13979400FCD03D /* TabbarViewController.m */ = {isa = PBXFileReference; fileEncoding = 4; lastKnownFileType = sourcecode.c.objc; path = TabbarViewController.m; sourceTree = "<group>"; };
		A396E2E11D13982B00FCD03D /* TabBarModel.h */ = {isa = PBXFileReference; fileEncoding = 4; lastKnownFileType = sourcecode.c.h; path = TabBarModel.h; sourceTree = "<group>"; };
		A396E2E21D13982B00FCD03D /* TabBarModel.m */ = {isa = PBXFileReference; fileEncoding = 4; lastKnownFileType = sourcecode.c.objc; path = TabBarModel.m; sourceTree = "<group>"; };
		A396E2E41D13983C00FCD03D /* TabBar.plist */ = {isa = PBXFileReference; fileEncoding = 4; lastKnownFileType = text.plist.xml; path = TabBar.plist; sourceTree = "<group>"; };
		A396E2E91D13AAF300FCD03D /* CustomTabbarView.h */ = {isa = PBXFileReference; fileEncoding = 4; lastKnownFileType = sourcecode.c.h; path = CustomTabbarView.h; sourceTree = "<group>"; };
		A396E2EA1D13AAF300FCD03D /* CustomTabbarView.m */ = {isa = PBXFileReference; fileEncoding = 4; lastKnownFileType = sourcecode.c.objc; path = CustomTabbarView.m; sourceTree = "<group>"; };
		A396E2FC1D13CC6400FCD03D /* HomePagesViewController.h */ = {isa = PBXFileReference; fileEncoding = 4; lastKnownFileType = sourcecode.c.h; path = HomePagesViewController.h; sourceTree = "<group>"; };
		A396E2FD1D13CC6400FCD03D /* HomePagesViewController.m */ = {isa = PBXFileReference; fileEncoding = 4; lastKnownFileType = sourcecode.c.objc; path = HomePagesViewController.m; sourceTree = "<group>"; };
		A396E2FF1D13CC7B00FCD03D /* FoundViewController.h */ = {isa = PBXFileReference; fileEncoding = 4; lastKnownFileType = sourcecode.c.h; path = FoundViewController.h; sourceTree = "<group>"; };
		A396E3001D13CC7B00FCD03D /* FoundViewController.m */ = {isa = PBXFileReference; fileEncoding = 4; lastKnownFileType = sourcecode.c.objc; path = FoundViewController.m; sourceTree = "<group>"; };
		A396E3021D13CC9100FCD03D /* MessageViewController.h */ = {isa = PBXFileReference; fileEncoding = 4; lastKnownFileType = sourcecode.c.h; path = MessageViewController.h; sourceTree = "<group>"; };
		A396E3031D13CC9100FCD03D /* MessageViewController.m */ = {isa = PBXFileReference; fileEncoding = 4; lastKnownFileType = sourcecode.c.objc; path = MessageViewController.m; sourceTree = "<group>"; };
		A396E3051D13CCC900FCD03D /* MineViewController.h */ = {isa = PBXFileReference; fileEncoding = 4; lastKnownFileType = sourcecode.c.h; path = MineViewController.h; sourceTree = "<group>"; };
		A396E3061D13CCC900FCD03D /* MineViewController.m */ = {isa = PBXFileReference; fileEncoding = 4; lastKnownFileType = sourcecode.c.objc; path = MineViewController.m; sourceTree = "<group>"; };
		A396E3081D17980500FCD03D /* UserInformation.h */ = {isa = PBXFileReference; fileEncoding = 4; lastKnownFileType = sourcecode.c.h; path = UserInformation.h; sourceTree = "<group>"; };
		A396E3091D17980500FCD03D /* UserInformation.m */ = {isa = PBXFileReference; fileEncoding = 4; lastKnownFileType = sourcecode.c.objc; path = UserInformation.m; sourceTree = "<group>"; };
		A396E30C1D190F5E00FCD03D /* GuideViewController.h */ = {isa = PBXFileReference; fileEncoding = 4; lastKnownFileType = sourcecode.c.h; path = GuideViewController.h; sourceTree = "<group>"; };
		A396E30D1D190F5E00FCD03D /* GuideViewController.m */ = {isa = PBXFileReference; fileEncoding = 4; lastKnownFileType = sourcecode.c.objc; path = GuideViewController.m; sourceTree = "<group>"; };
		A396E30F1D190FCF00FCD03D /* GuideCollectionViewCell.h */ = {isa = PBXFileReference; fileEncoding = 4; lastKnownFileType = sourcecode.c.h; path = GuideCollectionViewCell.h; sourceTree = "<group>"; };
		A396E3101D190FCF00FCD03D /* GuideCollectionViewCell.m */ = {isa = PBXFileReference; fileEncoding = 4; lastKnownFileType = sourcecode.c.objc; path = GuideCollectionViewCell.m; sourceTree = "<group>"; };
		A396E3121D1918F200FCD03D /* Guide.plist */ = {isa = PBXFileReference; fileEncoding = 4; lastKnownFileType = text.plist.xml; path = Guide.plist; sourceTree = "<group>"; };
/* End PBXFileReference section */

/* Begin PBXFrameworksBuildPhase section */
		A396E2671D11217600FCD03D /* Frameworks */ = {
			isa = PBXFrameworksBuildPhase;
			buildActionMask = 2147483647;
			files = (
				AA1FCE3BB57EEBA800314BEC /* Pods_ElevenBaseFrameWork.framework in Frameworks */,
			);
			runOnlyForDeploymentPostprocessing = 0;
		};
		A396E2801D11217600FCD03D /* Frameworks */ = {
			isa = PBXFrameworksBuildPhase;
			buildActionMask = 2147483647;
			files = (
			);
			runOnlyForDeploymentPostprocessing = 0;
		};
		A396E28B1D11217600FCD03D /* Frameworks */ = {
			isa = PBXFrameworksBuildPhase;
			buildActionMask = 2147483647;
			files = (
			);
			runOnlyForDeploymentPostprocessing = 0;
		};
/* End PBXFrameworksBuildPhase section */

/* Begin PBXGroup section */
		797555D09532E7DD87EC37D6 /* Pods */ = {
			isa = PBXGroup;
			children = (
				774DB7E22D9C37D073F96BC5 /* Pods-ElevenBaseFrameWork.debug.xcconfig */,
				13514061A2E057168988D887 /* Pods-ElevenBaseFrameWork.release.xcconfig */,
			);
			name = Pods;
			sourceTree = "<group>";
		};
		A396E2611D11217600FCD03D = {
			isa = PBXGroup;
			children = (
				A396E2A01D1138FF00FCD03D /* ADAndGuide */,
				A396E2A11D1138FF00FCD03D /* APIService */,
				A396E2A21D1138FF00FCD03D /* Category */,
				A396E2A31D1138FF00FCD03D /* Common */,
				A396E2A41D1138FF00FCD03D /* DataBase */,
				A396E2A51D1138FF00FCD03D /* Extension */,
				A396E2A61D1138FF00FCD03D /* MainTabbar */,
				A396E2A71D1138FF00FCD03D /* Resources */,
				A396E2A81D1138FF00FCD03D /* Section */,
				A396E2A91D1138FF00FCD03D /* Tools */,
				A396E2AA1D1138FF00FCD03D /* UserInfo */,
				A396E2AB1D1138FF00FCD03D /* Vender */,
				A396E26C1D11217600FCD03D /* ElevenBaseFrameWork */,
				A396E2861D11217600FCD03D /* ElevenBaseFrameWorkTests */,
				A396E2911D11217600FCD03D /* ElevenBaseFrameWorkUITests */,
				A396E26B1D11217600FCD03D /* Products */,
				797555D09532E7DD87EC37D6 /* Pods */,
				C79F259E7DA7363AE40E32AE /* Frameworks */,
			);
			sourceTree = "<group>";
		};
		A396E26B1D11217600FCD03D /* Products */ = {
			isa = PBXGroup;
			children = (
				A396E26A1D11217600FCD03D /* ElevenBaseFrameWork.app */,
				A396E2831D11217600FCD03D /* ElevenBaseFrameWorkTests.xctest */,
				A396E28E1D11217600FCD03D /* ElevenBaseFrameWorkUITests.xctest */,
			);
			name = Products;
			sourceTree = "<group>";
		};
		A396E26C1D11217600FCD03D /* ElevenBaseFrameWork */ = {
			isa = PBXGroup;
			children = (
				A396E2701D11217600FCD03D /* AppDelegate.h */,
				A396E2711D11217600FCD03D /* AppDelegate.m */,
				A396E2731D11217600FCD03D /* ViewController.h */,
				A396E2741D11217600FCD03D /* ViewController.m */,
				A396E2761D11217600FCD03D /* Main.storyboard */,
				A396E2791D11217600FCD03D /* Assets.xcassets */,
				A396E27B1D11217600FCD03D /* LaunchScreen.storyboard */,
				A396E27E1D11217600FCD03D /* Info.plist */,
				A396E26D1D11217600FCD03D /* Supporting Files */,
			);
			path = ElevenBaseFrameWork;
			sourceTree = "<group>";
		};
		A396E26D1D11217600FCD03D /* Supporting Files */ = {
			isa = PBXGroup;
			children = (
				A396E26E1D11217600FCD03D /* main.m */,
				A396E2C11D11555E00FCD03D /* PrefixHeader.pch */,
			);
			name = "Supporting Files";
			sourceTree = "<group>";
		};
		A396E2861D11217600FCD03D /* ElevenBaseFrameWorkTests */ = {
			isa = PBXGroup;
			children = (
				A396E2871D11217600FCD03D /* ElevenBaseFrameWorkTests.m */,
				A396E2891D11217600FCD03D /* Info.plist */,
			);
			path = ElevenBaseFrameWorkTests;
			sourceTree = "<group>";
		};
		A396E2911D11217600FCD03D /* ElevenBaseFrameWorkUITests */ = {
			isa = PBXGroup;
			children = (
				A396E2921D11217600FCD03D /* ElevenBaseFrameWorkUITests.m */,
				A396E2941D11217600FCD03D /* Info.plist */,
			);
			path = ElevenBaseFrameWorkUITests;
			sourceTree = "<group>";
		};
		A396E2A01D1138FF00FCD03D /* ADAndGuide */ = {
			isa = PBXGroup;
			children = (
				A396E30C1D190F5E00FCD03D /* GuideViewController.h */,
				A396E30D1D190F5E00FCD03D /* GuideViewController.m */,
				A396E30F1D190FCF00FCD03D /* GuideCollectionViewCell.h */,
				A396E3101D190FCF00FCD03D /* GuideCollectionViewCell.m */,
				A396E3121D1918F200FCD03D /* Guide.plist */,
				A31513351D1B809400662E90 /* UIImageView+XHWebCache.h */,
				A31513361D1B809400662E90 /* UIImageView+XHWebCache.m */,
				A31513371D1B809400662E90 /* XHLaunchAd.h */,
				A31513381D1B809400662E90 /* XHLaunchAd.m */,
			);
			name = ADAndGuide;
			path = ElevenBaseFrameWork/ADAndGuide;
			sourceTree = "<group>";
		};
		A396E2A11D1138FF00FCD03D /* APIService */ = {
			isa = PBXGroup;
			children = (
				A396E2CE1D125BCE00FCD03D /* ElevenNetworkConfiguration.h */,
				A396E2D51D1278E800FCD03D /* ElevenAPIProxy.h */,
				A396E2D61D1278E800FCD03D /* ElevenAPIProxy.m */,
			);
			name = APIService;
			path = ElevenBaseFrameWork/APIService;
			sourceTree = "<group>";
		};
		A396E2A21D1138FF00FCD03D /* Category */ = {
			isa = PBXGroup;
			children = (
				A396E2AC1D11410C00FCD03D /* NSString+AutoSize.h */,
				A396E2AD1D11410C00FCD03D /* NSString+AutoSize.m */,
				A396E2CF1D12767900FCD03D /* NSArray+ELNetworkingMethods.h */,
				A396E2D01D12767900FCD03D /* NSArray+ELNetworkingMethods.m */,
				A396E2D21D12769800FCD03D /* NSDictionary+ELNetworkingMethods.h */,
				A396E2D31D12769800FCD03D /* NSDictionary+ELNetworkingMethods.m */,
				A396E2AF1D1141DD00FCD03D /* UIColor+TranslateColor.h */,
				A396E2B01D1141DD00FCD03D /* UIColor+TranslateColor.m */,
				A396E2B21D11439700FCD03D /* UIImage+GIF.h */,
				A396E2B31D11439700FCD03D /* UIImage+GIF.m */,
				A396E2C21D11595A00FCD03D /* UIImage+Size.h */,
				A396E2C31D11595A00FCD03D /* UIImage+Size.m */,
				A396E2D81D1295F600FCD03D /* UIBarButtonItem+ELBarButtonItem.h */,
				A396E2D91D1295F600FCD03D /* UIBarButtonItem+ELBarButtonItem.m */,
				A396E2C81D125A1A00FCD03D /* UIDevice+Identifer.h */,
				A396E2C91D125A1A00FCD03D /* UIDevice+Identifer.m */,
				A396E2CB1D125A5700FCD03D /* NSString+SFNetworking.h */,
				A396E2CC1D125A5700FCD03D /* NSString+SFNetworking.m */,
			);
			name = Category;
			path = ElevenBaseFrameWork/Category;
			sourceTree = "<group>";
		};
		A396E2A31D1138FF00FCD03D /* Common */ = {
			isa = PBXGroup;
			children = (
				A396E2C51D124E5D00FCD03D /* ElevenAppContext.h */,
				A396E2C61D124E5D00FCD03D /* ElevenAppContext.m */,
			);
			name = Common;
			path = ElevenBaseFrameWork/Common;
			sourceTree = "<group>";
		};
		A396E2A41D1138FF00FCD03D /* DataBase */ = {
			isa = PBXGroup;
			children = (
			);
			name = DataBase;
			path = ElevenBaseFrameWork/DataBase;
			sourceTree = "<group>";
		};
		A396E2A51D1138FF00FCD03D /* Extension */ = {
			isa = PBXGroup;
			children = (
			);
			name = Extension;
			path = ElevenBaseFrameWork/Extension;
			sourceTree = "<group>";
		};
		A396E2A61D1138FF00FCD03D /* MainTabbar */ = {
			isa = PBXGroup;
			children = (
				A396E2DE1D13979400FCD03D /* TabbarViewController.h */,
				A396E2DF1D13979400FCD03D /* TabbarViewController.m */,
				A396E2E91D13AAF300FCD03D /* CustomTabbarView.h */,
				A396E2EA1D13AAF300FCD03D /* CustomTabbarView.m */,
				A396E2E11D13982B00FCD03D /* TabBarModel.h */,
				A396E2E21D13982B00FCD03D /* TabBarModel.m */,
				A396E2E41D13983C00FCD03D /* TabBar.plist */,
			);
			name = MainTabbar;
			path = ElevenBaseFrameWork/MainTabbar;
			sourceTree = "<group>";
		};
		A396E2A71D1138FF00FCD03D /* Resources */ = {
			isa = PBXGroup;
			children = (
				A396E2B71D11466C00FCD03D /* loading.gif */,
			);
			name = Resources;
			path = ElevenBaseFrameWork/Resources;
			sourceTree = "<group>";
		};
		A396E2A81D1138FF00FCD03D /* Section */ = {
			isa = PBXGroup;
			children = (
				A396E2EC1D13CC3B00FCD03D /* FoundPage */,
				A396E2F01D13CC3B00FCD03D /* HomePage */,
				A396E2F41D13CC3B00FCD03D /* MessagePage */,
				A396E2F81D13CC3B00FCD03D /* MinePage */,
			);
			name = Section;
			path = ElevenBaseFrameWork/Section;
			sourceTree = "<group>";
		};
		A396E2A91D1138FF00FCD03D /* Tools */ = {
			isa = PBXGroup;
			children = (
				A396E2BC1D11486900FCD03D /* UIView+Toast.h */,
				A396E2BD1D11486900FCD03D /* UIView+Toast.m */,
			);
			name = Tools;
			path = ElevenBaseFrameWork/Tools;
			sourceTree = "<group>";
		};
		A396E2AA1D1138FF00FCD03D /* UserInfo */ = {
			isa = PBXGroup;
			children = (
				A396E3081D17980500FCD03D /* UserInformation.h */,
				A396E3091D17980500FCD03D /* UserInformation.m */,
			);
			name = UserInfo;
			path = ElevenBaseFrameWork/UserInfo;
			sourceTree = "<group>";
		};
		A396E2AB1D1138FF00FCD03D /* Vender */ = {
			isa = PBXGroup;
			children = (
			);
			name = Vender;
			path = ElevenBaseFrameWork/Vender;
			sourceTree = "<group>";
		};
		A396E2EC1D13CC3B00FCD03D /* FoundPage */ = {
			isa = PBXGroup;
			children = (
				A396E2ED1D13CC3B00FCD03D /* FoundModels */,
				A396E2EE1D13CC3B00FCD03D /* FoundViewControlers */,
				A396E2EF1D13CC3B00FCD03D /* FoundViews */,
			);
			path = FoundPage;
			sourceTree = "<group>";
		};
		A396E2ED1D13CC3B00FCD03D /* FoundModels */ = {
			isa = PBXGroup;
			children = (
			);
			path = FoundModels;
			sourceTree = "<group>";
		};
		A396E2EE1D13CC3B00FCD03D /* FoundViewControlers */ = {
			isa = PBXGroup;
			children = (
				A396E2FF1D13CC7B00FCD03D /* FoundViewController.h */,
				A396E3001D13CC7B00FCD03D /* FoundViewController.m */,
			);
			path = FoundViewControlers;
			sourceTree = "<group>";
		};
		A396E2EF1D13CC3B00FCD03D /* FoundViews */ = {
			isa = PBXGroup;
			children = (
			);
			path = FoundViews;
			sourceTree = "<group>";
		};
		A396E2F01D13CC3B00FCD03D /* HomePage */ = {
			isa = PBXGroup;
			children = (
				A396E2F11D13CC3B00FCD03D /* HomePageControllers */,
				A396E2F21D13CC3B00FCD03D /* HomePageModels */,
				A396E2F31D13CC3B00FCD03D /* HomePageViews */,
			);
			path = HomePage;
			sourceTree = "<group>";
		};
		A396E2F11D13CC3B00FCD03D /* HomePageControllers */ = {
			isa = PBXGroup;
			children = (
				A396E2FC1D13CC6400FCD03D /* HomePagesViewController.h */,
				A396E2FD1D13CC6400FCD03D /* HomePagesViewController.m */,
			);
			path = HomePageControllers;
			sourceTree = "<group>";
		};
		A396E2F21D13CC3B00FCD03D /* HomePageModels */ = {
			isa = PBXGroup;
			children = (
			);
			path = HomePageModels;
			sourceTree = "<group>";
		};
		A396E2F31D13CC3B00FCD03D /* HomePageViews */ = {
			isa = PBXGroup;
			children = (
			);
			path = HomePageViews;
			sourceTree = "<group>";
		};
		A396E2F41D13CC3B00FCD03D /* MessagePage */ = {
			isa = PBXGroup;
			children = (
				A396E2F51D13CC3B00FCD03D /* MessageModel */,
				A396E2F61D13CC3B00FCD03D /* MessageViewControllers */,
				A396E2F71D13CC3B00FCD03D /* MessageViews */,
			);
			path = MessagePage;
			sourceTree = "<group>";
		};
		A396E2F51D13CC3B00FCD03D /* MessageModel */ = {
			isa = PBXGroup;
			children = (
			);
			path = MessageModel;
			sourceTree = "<group>";
		};
		A396E2F61D13CC3B00FCD03D /* MessageViewControllers */ = {
			isa = PBXGroup;
			children = (
				A396E3021D13CC9100FCD03D /* MessageViewController.h */,
				A396E3031D13CC9100FCD03D /* MessageViewController.m */,
			);
			path = MessageViewControllers;
			sourceTree = "<group>";
		};
		A396E2F71D13CC3B00FCD03D /* MessageViews */ = {
			isa = PBXGroup;
			children = (
			);
			path = MessageViews;
			sourceTree = "<group>";
		};
		A396E2F81D13CC3B00FCD03D /* MinePage */ = {
			isa = PBXGroup;
			children = (
				A396E2F91D13CC3B00FCD03D /* MineModels */,
				A396E2FA1D13CC3B00FCD03D /* MineViewControllers */,
				A396E2FB1D13CC3B00FCD03D /* MineViews */,
			);
			path = MinePage;
			sourceTree = "<group>";
		};
		A396E2F91D13CC3B00FCD03D /* MineModels */ = {
			isa = PBXGroup;
			children = (
			);
			path = MineModels;
			sourceTree = "<group>";
		};
		A396E2FA1D13CC3B00FCD03D /* MineViewControllers */ = {
			isa = PBXGroup;
			children = (
				A396E3051D13CCC900FCD03D /* MineViewController.h */,
				A396E3061D13CCC900FCD03D /* MineViewController.m */,
			);
			path = MineViewControllers;
			sourceTree = "<group>";
		};
		A396E2FB1D13CC3B00FCD03D /* MineViews */ = {
			isa = PBXGroup;
			children = (
			);
			path = MineViews;
			sourceTree = "<group>";
		};
		C79F259E7DA7363AE40E32AE /* Frameworks */ = {
			isa = PBXGroup;
			children = (
				433D529BBF2222B5B457D695 /* Pods_ElevenBaseFrameWork.framework */,
			);
			name = Frameworks;
			sourceTree = "<group>";
		};
/* End PBXGroup section */

/* Begin PBXNativeTarget section */
		A396E2691D11217600FCD03D /* ElevenBaseFrameWork */ = {
			isa = PBXNativeTarget;
			buildConfigurationList = A396E2971D11217700FCD03D /* Build configuration list for PBXNativeTarget "ElevenBaseFrameWork" */;
			buildPhases = (
				6583B6CEECC9E293E4FBE5ED /* [CP] Check Pods Manifest.lock */,
				A396E2661D11217600FCD03D /* Sources */,
				A396E2671D11217600FCD03D /* Frameworks */,
				A396E2681D11217600FCD03D /* Resources */,
				71443F4B8902726CC6539EC2 /* [CP] Embed Pods Frameworks */,
				60F94284FF992EF182BB795D /* [CP] Copy Pods Resources */,
			);
			buildRules = (
			);
			dependencies = (
			);
			name = ElevenBaseFrameWork;
			productName = ElevenBaseFrameWork;
			productReference = A396E26A1D11217600FCD03D /* ElevenBaseFrameWork.app */;
			productType = "com.apple.product-type.application";
		};
		A396E2821D11217600FCD03D /* ElevenBaseFrameWorkTests */ = {
			isa = PBXNativeTarget;
			buildConfigurationList = A396E29A1D11217700FCD03D /* Build configuration list for PBXNativeTarget "ElevenBaseFrameWorkTests" */;
			buildPhases = (
				A396E27F1D11217600FCD03D /* Sources */,
				A396E2801D11217600FCD03D /* Frameworks */,
				A396E2811D11217600FCD03D /* Resources */,
			);
			buildRules = (
			);
			dependencies = (
				A396E2851D11217600FCD03D /* PBXTargetDependency */,
			);
			name = ElevenBaseFrameWorkTests;
			productName = ElevenBaseFrameWorkTests;
			productReference = A396E2831D11217600FCD03D /* ElevenBaseFrameWorkTests.xctest */;
			productType = "com.apple.product-type.bundle.unit-test";
		};
		A396E28D1D11217600FCD03D /* ElevenBaseFrameWorkUITests */ = {
			isa = PBXNativeTarget;
			buildConfigurationList = A396E29D1D11217700FCD03D /* Build configuration list for PBXNativeTarget "ElevenBaseFrameWorkUITests" */;
			buildPhases = (
				A396E28A1D11217600FCD03D /* Sources */,
				A396E28B1D11217600FCD03D /* Frameworks */,
				A396E28C1D11217600FCD03D /* Resources */,
			);
			buildRules = (
			);
			dependencies = (
				A396E2901D11217600FCD03D /* PBXTargetDependency */,
			);
			name = ElevenBaseFrameWorkUITests;
			productName = ElevenBaseFrameWorkUITests;
			productReference = A396E28E1D11217600FCD03D /* ElevenBaseFrameWorkUITests.xctest */;
			productType = "com.apple.product-type.bundle.ui-testing";
		};
/* End PBXNativeTarget section */

/* Begin PBXProject section */
		A396E2621D11217600FCD03D /* Project object */ = {
			isa = PBXProject;
			attributes = {
				LastUpgradeCheck = 0730;
				ORGANIZATIONNAME = Eleven;
				TargetAttributes = {
					A396E2691D11217600FCD03D = {
						CreatedOnToolsVersion = 7.3.1;
					};
					A396E2821D11217600FCD03D = {
						CreatedOnToolsVersion = 7.3.1;
						TestTargetID = A396E2691D11217600FCD03D;
					};
					A396E28D1D11217600FCD03D = {
						CreatedOnToolsVersion = 7.3.1;
						TestTargetID = A396E2691D11217600FCD03D;
					};
				};
			};
			buildConfigurationList = A396E2651D11217600FCD03D /* Build configuration list for PBXProject "ElevenBaseFrameWork" */;
			compatibilityVersion = "Xcode 3.2";
			developmentRegion = English;
			hasScannedForEncodings = 0;
			knownRegions = (
				en,
				Base,
			);
			mainGroup = A396E2611D11217600FCD03D;
			productRefGroup = A396E26B1D11217600FCD03D /* Products */;
			projectDirPath = "";
			projectRoot = "";
			targets = (
				A396E2691D11217600FCD03D /* ElevenBaseFrameWork */,
				A396E2821D11217600FCD03D /* ElevenBaseFrameWorkTests */,
				A396E28D1D11217600FCD03D /* ElevenBaseFrameWorkUITests */,
			);
		};
/* End PBXProject section */

/* Begin PBXResourcesBuildPhase section */
		A396E2681D11217600FCD03D /* Resources */ = {
			isa = PBXResourcesBuildPhase;
			buildActionMask = 2147483647;
			files = (
				A396E2E51D13983C00FCD03D /* TabBar.plist in Resources */,
				A396E27D1D11217600FCD03D /* LaunchScreen.storyboard in Resources */,
				A396E2B81D11466C00FCD03D /* loading.gif in Resources */,
				A396E3131D1918F200FCD03D /* Guide.plist in Resources */,
				A396E27A1D11217600FCD03D /* Assets.xcassets in Resources */,
				A396E2781D11217600FCD03D /* Main.storyboard in Resources */,
			);
			runOnlyForDeploymentPostprocessing = 0;
		};
		A396E2811D11217600FCD03D /* Resources */ = {
			isa = PBXResourcesBuildPhase;
			buildActionMask = 2147483647;
			files = (
			);
			runOnlyForDeploymentPostprocessing = 0;
		};
		A396E28C1D11217600FCD03D /* Resources */ = {
			isa = PBXResourcesBuildPhase;
			buildActionMask = 2147483647;
			files = (
			);
			runOnlyForDeploymentPostprocessing = 0;
		};
/* End PBXResourcesBuildPhase section */

/* Begin PBXShellScriptBuildPhase section */
		60F94284FF992EF182BB795D /* [CP] Copy Pods Resources */ = {
			isa = PBXShellScriptBuildPhase;
			buildActionMask = 2147483647;
			files = (
			);
			inputPaths = (
			);
			name = "[CP] Copy Pods Resources";
			outputPaths = (
			);
			runOnlyForDeploymentPostprocessing = 0;
			shellPath = /bin/sh;
			shellScript = "\"${SRCROOT}/Pods/Target Support Files/Pods-ElevenBaseFrameWork/Pods-ElevenBaseFrameWork-resources.sh\"\n";
			showEnvVarsInLog = 0;
		};
		6583B6CEECC9E293E4FBE5ED /* [CP] Check Pods Manifest.lock */ = {
			isa = PBXShellScriptBuildPhase;
			buildActionMask = 2147483647;
			files = (
			);
			inputPaths = (
			);
			name = "[CP] Check Pods Manifest.lock";
			outputPaths = (
			);
			runOnlyForDeploymentPostprocessing = 0;
			shellPath = /bin/sh;
			shellScript = "diff \"${PODS_ROOT}/../Podfile.lock\" \"${PODS_ROOT}/Manifest.lock\" > /dev/null\nif [[ $? != 0 ]] ; then\n    cat << EOM\nerror: The sandbox is not in sync with the Podfile.lock. Run 'pod install' or update your CocoaPods installation.\nEOM\n    exit 1\nfi\n";
			showEnvVarsInLog = 0;
		};
		71443F4B8902726CC6539EC2 /* [CP] Embed Pods Frameworks */ = {
			isa = PBXShellScriptBuildPhase;
			buildActionMask = 2147483647;
			files = (
			);
			inputPaths = (
			);
			name = "[CP] Embed Pods Frameworks";
			outputPaths = (
			);
			runOnlyForDeploymentPostprocessing = 0;
			shellPath = /bin/sh;
			shellScript = "\"${SRCROOT}/Pods/Target Support Files/Pods-ElevenBaseFrameWork/Pods-ElevenBaseFrameWork-frameworks.sh\"\n";
			showEnvVarsInLog = 0;
		};
/* End PBXShellScriptBuildPhase section */

/* Begin PBXSourcesBuildPhase section */
		A396E2661D11217600FCD03D /* Sources */ = {
			isa = PBXSourcesBuildPhase;
			buildActionMask = 2147483647;
			files = (
				A396E2D71D1278E800FCD03D /* ElevenAPIProxy.m in Sources */,
				A396E2DA1D1295F600FCD03D /* UIBarButtonItem+ELBarButtonItem.m in Sources */,
				A396E2C41D11595A00FCD03D /* UIImage+Size.m in Sources */,
				A396E30A1D17980500FCD03D /* UserInformation.m in Sources */,
				A396E2CD1D125A5700FCD03D /* NSString+SFNetworking.m in Sources */,
				A396E30E1D190F5E00FCD03D /* GuideViewController.m in Sources */,
				A396E2B41D11439700FCD03D /* UIImage+GIF.m in Sources */,
				A396E3071D13CCC900FCD03D /* MineViewController.m in Sources */,
				A396E2D41D12769800FCD03D /* NSDictionary+ELNetworkingMethods.m in Sources */,
				A396E3041D13CC9100FCD03D /* MessageViewController.m in Sources */,
				A396E2B11D1141DD00FCD03D /* UIColor+TranslateColor.m in Sources */,
				A396E2C71D124E5D00FCD03D /* ElevenAppContext.m in Sources */,
				A396E3111D190FCF00FCD03D /* GuideCollectionViewCell.m in Sources */,
				A396E2751D11217600FCD03D /* ViewController.m in Sources */,
				A396E2AE1D11410C00FCD03D /* NSString+AutoSize.m in Sources */,
				A396E2BE1D11486900FCD03D /* UIView+Toast.m in Sources */,
				A396E2FE1D13CC6400FCD03D /* HomePagesViewController.m in Sources */,
				A396E2EB1D13AAF300FCD03D /* CustomTabbarView.m in Sources */,
				A396E2D11D12767900FCD03D /* NSArray+ELNetworkingMethods.m in Sources */,
				A396E2E31D13982C00FCD03D /* TabBarModel.m in Sources */,
				A315133A1D1B809400662E90 /* XHLaunchAd.m in Sources */,
				A396E2E01D13979400FCD03D /* TabbarViewController.m in Sources */,
				A396E2721D11217600FCD03D /* AppDelegate.m in Sources */,
				A396E2CA1D125A1A00FCD03D /* UIDevice+Identifer.m in Sources */,
				A396E26F1D11217600FCD03D /* main.m in Sources */,
				A31513391D1B809400662E90 /* UIImageView+XHWebCache.m in Sources */,
				A396E3011D13CC7B00FCD03D /* FoundViewController.m in Sources */,
			);
			runOnlyForDeploymentPostprocessing = 0;
		};
		A396E27F1D11217600FCD03D /* Sources */ = {
			isa = PBXSourcesBuildPhase;
			buildActionMask = 2147483647;
			files = (
				A396E2881D11217600FCD03D /* ElevenBaseFrameWorkTests.m in Sources */,
			);
			runOnlyForDeploymentPostprocessing = 0;
		};
		A396E28A1D11217600FCD03D /* Sources */ = {
			isa = PBXSourcesBuildPhase;
			buildActionMask = 2147483647;
			files = (
				A396E2931D11217600FCD03D /* ElevenBaseFrameWorkUITests.m in Sources */,
			);
			runOnlyForDeploymentPostprocessing = 0;
		};
/* End PBXSourcesBuildPhase section */

/* Begin PBXTargetDependency section */
		A396E2851D11217600FCD03D /* PBXTargetDependency */ = {
			isa = PBXTargetDependency;
			target = A396E2691D11217600FCD03D /* ElevenBaseFrameWork */;
			targetProxy = A396E2841D11217600FCD03D /* PBXContainerItemProxy */;
		};
		A396E2901D11217600FCD03D /* PBXTargetDependency */ = {
			isa = PBXTargetDependency;
			target = A396E2691D11217600FCD03D /* ElevenBaseFrameWork */;
			targetProxy = A396E28F1D11217600FCD03D /* PBXContainerItemProxy */;
		};
/* End PBXTargetDependency section */

/* Begin PBXVariantGroup section */
		A396E2761D11217600FCD03D /* Main.storyboard */ = {
			isa = PBXVariantGroup;
			children = (
				A396E2771D11217600FCD03D /* Base */,
			);
			name = Main.storyboard;
			sourceTree = "<group>";
		};
		A396E27B1D11217600FCD03D /* LaunchScreen.storyboard */ = {
			isa = PBXVariantGroup;
			children = (
				A396E27C1D11217600FCD03D /* Base */,
			);
			name = LaunchScreen.storyboard;
			sourceTree = "<group>";
		};
/* End PBXVariantGroup section */

/* Begin XCBuildConfiguration section */
		A396E2951D11217700FCD03D /* Debug */ = {
			isa = XCBuildConfiguration;
			buildSettings = {
				ALWAYS_SEARCH_USER_PATHS = NO;
				CLANG_ANALYZER_NONNULL = YES;
				CLANG_CXX_LANGUAGE_STANDARD = "gnu++0x";
				CLANG_CXX_LIBRARY = "libc++";
				CLANG_ENABLE_MODULES = YES;
				CLANG_ENABLE_OBJC_ARC = YES;
				CLANG_WARN_BOOL_CONVERSION = YES;
				CLANG_WARN_CONSTANT_CONVERSION = YES;
				CLANG_WARN_DIRECT_OBJC_ISA_USAGE = YES_ERROR;
				CLANG_WARN_EMPTY_BODY = YES;
				CLANG_WARN_ENUM_CONVERSION = YES;
				CLANG_WARN_INT_CONVERSION = YES;
				CLANG_WARN_OBJC_ROOT_CLASS = YES_ERROR;
				CLANG_WARN_UNREACHABLE_CODE = YES;
				CLANG_WARN__DUPLICATE_METHOD_MATCH = YES;
				"CODE_SIGN_IDENTITY[sdk=iphoneos*]" = "iPhone Developer";
				COPY_PHASE_STRIP = NO;
				DEBUG_INFORMATION_FORMAT = dwarf;
				ENABLE_STRICT_OBJC_MSGSEND = YES;
				ENABLE_TESTABILITY = YES;
				GCC_C_LANGUAGE_STANDARD = gnu99;
				GCC_DYNAMIC_NO_PIC = NO;
				GCC_NO_COMMON_BLOCKS = YES;
				GCC_OPTIMIZATION_LEVEL = 0;
				GCC_PREPROCESSOR_DEFINITIONS = (
					"DEBUG=1",
					"$(inherited)",
				);
				GCC_WARN_64_TO_32_BIT_CONVERSION = YES;
				GCC_WARN_ABOUT_RETURN_TYPE = YES_ERROR;
				GCC_WARN_UNDECLARED_SELECTOR = YES;
				GCC_WARN_UNINITIALIZED_AUTOS = YES_AGGRESSIVE;
				GCC_WARN_UNUSED_FUNCTION = YES;
				GCC_WARN_UNUSED_VARIABLE = YES;
				IPHONEOS_DEPLOYMENT_TARGET = 9.3;
				MTL_ENABLE_DEBUG_INFO = YES;
				ONLY_ACTIVE_ARCH = YES;
				SDKROOT = iphoneos;
			};
			name = Debug;
		};
		A396E2961D11217700FCD03D /* Release */ = {
			isa = XCBuildConfiguration;
			buildSettings = {
				ALWAYS_SEARCH_USER_PATHS = NO;
				CLANG_ANALYZER_NONNULL = YES;
				CLANG_CXX_LANGUAGE_STANDARD = "gnu++0x";
				CLANG_CXX_LIBRARY = "libc++";
				CLANG_ENABLE_MODULES = YES;
				CLANG_ENABLE_OBJC_ARC = YES;
				CLANG_WARN_BOOL_CONVERSION = YES;
				CLANG_WARN_CONSTANT_CONVERSION = YES;
				CLANG_WARN_DIRECT_OBJC_ISA_USAGE = YES_ERROR;
				CLANG_WARN_EMPTY_BODY = YES;
				CLANG_WARN_ENUM_CONVERSION = YES;
				CLANG_WARN_INT_CONVERSION = YES;
				CLANG_WARN_OBJC_ROOT_CLASS = YES_ERROR;
				CLANG_WARN_UNREACHABLE_CODE = YES;
				CLANG_WARN__DUPLICATE_METHOD_MATCH = YES;
				"CODE_SIGN_IDENTITY[sdk=iphoneos*]" = "iPhone Developer";
				COPY_PHASE_STRIP = NO;
				DEBUG_INFORMATION_FORMAT = "dwarf-with-dsym";
				ENABLE_NS_ASSERTIONS = NO;
				ENABLE_STRICT_OBJC_MSGSEND = YES;
				GCC_C_LANGUAGE_STANDARD = gnu99;
				GCC_NO_COMMON_BLOCKS = YES;
				GCC_WARN_64_TO_32_BIT_CONVERSION = YES;
				GCC_WARN_ABOUT_RETURN_TYPE = YES_ERROR;
				GCC_WARN_UNDECLARED_SELECTOR = YES;
				GCC_WARN_UNINITIALIZED_AUTOS = YES_AGGRESSIVE;
				GCC_WARN_UNUSED_FUNCTION = YES;
				GCC_WARN_UNUSED_VARIABLE = YES;
				IPHONEOS_DEPLOYMENT_TARGET = 9.3;
				MTL_ENABLE_DEBUG_INFO = NO;
				SDKROOT = iphoneos;
				VALIDATE_PRODUCT = YES;
			};
			name = Release;
		};
		A396E2981D11217700FCD03D /* Debug */ = {
			isa = XCBuildConfiguration;
			baseConfigurationReference = 774DB7E22D9C37D073F96BC5 /* Pods-ElevenBaseFrameWork.debug.xcconfig */;
			buildSettings = {
				ASSETCATALOG_COMPILER_APPICON_NAME = AppIcon;
				ASSETCATALOG_COMPILER_LAUNCHIMAGE_NAME = LaunchImage;
				ENABLE_BITCODE = NO;
				GCC_PRECOMPILE_PREFIX_HEADER = YES;
				GCC_PREFIX_HEADER = /Users/ZhuCheng/Desktop/ElevenTools/ElevenBaseFrameWork/ElevenBaseFrameWork/PrefixHeader.pch;
				INFOPLIST_FILE = ElevenBaseFrameWork/Info.plist;
				LD_RUNPATH_SEARCH_PATHS = "$(inherited) @executable_path/Frameworks";
				PRODUCT_BUNDLE_IDENTIFIER = com.Eleven.ElevenBaseFrameWork;
				PRODUCT_NAME = "$(TARGET_NAME)";
				USER_HEADER_SEARCH_PATHS = "${SRCROOT}/**";
			};
			name = Debug;
		};
		A396E2991D11217700FCD03D /* Release */ = {
			isa = XCBuildConfiguration;
			baseConfigurationReference = 13514061A2E057168988D887 /* Pods-ElevenBaseFrameWork.release.xcconfig */;
			buildSettings = {
				ASSETCATALOG_COMPILER_APPICON_NAME = AppIcon;
				ASSETCATALOG_COMPILER_LAUNCHIMAGE_NAME = LaunchImage;
				ENABLE_BITCODE = NO;
				GCC_PRECOMPILE_PREFIX_HEADER = YES;
				GCC_PREFIX_HEADER = /Users/ZhuCheng/Desktop/ElevenTools/ElevenBaseFrameWork/ElevenBaseFrameWork/PrefixHeader.pch;
				INFOPLIST_FILE = ElevenBaseFrameWork/Info.plist;
				LD_RUNPATH_SEARCH_PATHS = "$(inherited) @executable_path/Frameworks";
				PRODUCT_BUNDLE_IDENTIFIER = com.Eleven.ElevenBaseFrameWork;
				PRODUCT_NAME = "$(TARGET_NAME)";
				USER_HEADER_SEARCH_PATHS = "${SRCROOT}/**";
			};
			name = Release;
		};
		A396E29B1D11217700FCD03D /* Debug */ = {
			isa = XCBuildConfiguration;
			buildSettings = {
				BUNDLE_LOADER = "$(TEST_HOST)";
				INFOPLIST_FILE = ElevenBaseFrameWorkTests/Info.plist;
				LD_RUNPATH_SEARCH_PATHS = "$(inherited) @executable_path/Frameworks @loader_path/Frameworks";
				PRODUCT_BUNDLE_IDENTIFIER = com.Eleven.ElevenBaseFrameWorkTests;
				PRODUCT_NAME = "$(TARGET_NAME)";
				TEST_HOST = "$(BUILT_PRODUCTS_DIR)/ElevenBaseFrameWork.app/ElevenBaseFrameWork";
			};
			name = Debug;
		};
		A396E29C1D11217700FCD03D /* Release */ = {
			isa = XCBuildConfiguration;
			buildSettings = {
				BUNDLE_LOADER = "$(TEST_HOST)";
				INFOPLIST_FILE = ElevenBaseFrameWorkTests/Info.plist;
				LD_RUNPATH_SEARCH_PATHS = "$(inherited) @executable_path/Frameworks @loader_path/Frameworks";
				PRODUCT_BUNDLE_IDENTIFIER = com.Eleven.ElevenBaseFrameWorkTests;
				PRODUCT_NAME = "$(TARGET_NAME)";
				TEST_HOST = "$(BUILT_PRODUCTS_DIR)/ElevenBaseFrameWork.app/ElevenBaseFrameWork";
			};
			name = Release;
		};
		A396E29E1D11217700FCD03D /* Debug */ = {
			isa = XCBuildConfiguration;
			buildSettings = {
				INFOPLIST_FILE = ElevenBaseFrameWorkUITests/Info.plist;
				LD_RUNPATH_SEARCH_PATHS = "$(inherited) @executable_path/Frameworks @loader_path/Frameworks";
				PRODUCT_BUNDLE_IDENTIFIER = com.Eleven.ElevenBaseFrameWorkUITests;
				PRODUCT_NAME = "$(TARGET_NAME)";
				TEST_TARGET_NAME = ElevenBaseFrameWork;
			};
			name = Debug;
		};
		A396E29F1D11217700FCD03D /* Release */ = {
			isa = XCBuildConfiguration;
			buildSettings = {
				INFOPLIST_FILE = ElevenBaseFrameWorkUITests/Info.plist;
				LD_RUNPATH_SEARCH_PATHS = "$(inherited) @executable_path/Frameworks @loader_path/Frameworks";
				PRODUCT_BUNDLE_IDENTIFIER = com.Eleven.ElevenBaseFrameWorkUITests;
				PRODUCT_NAME = "$(TARGET_NAME)";
				TEST_TARGET_NAME = ElevenBaseFrameWork;
			};
			name = Release;
		};
/* End XCBuildConfiguration section */

/* Begin XCConfigurationList section */
		A396E2651D11217600FCD03D /* Build configuration list for PBXProject "ElevenBaseFrameWork" */ = {
			isa = XCConfigurationList;
			buildConfigurations = (
				A396E2951D11217700FCD03D /* Debug */,
				A396E2961D11217700FCD03D /* Release */,
			);
			defaultConfigurationIsVisible = 0;
			defaultConfigurationName = Release;
		};
		A396E2971D11217700FCD03D /* Build configuration list for PBXNativeTarget "ElevenBaseFrameWork" */ = {
			isa = XCConfigurationList;
			buildConfigurations = (
				A396E2981D11217700FCD03D /* Debug */,
				A396E2991D11217700FCD03D /* Release */,
			);
			defaultConfigurationIsVisible = 0;
			defaultConfigurationName = Release;
		};
		A396E29A1D11217700FCD03D /* Build configuration list for PBXNativeTarget "ElevenBaseFrameWorkTests" */ = {
			isa = XCConfigurationList;
			buildConfigurations = (
				A396E29B1D11217700FCD03D /* Debug */,
				A396E29C1D11217700FCD03D /* Release */,
			);
			defaultConfigurationIsVisible = 0;
			defaultConfigurationName = Release;
		};
		A396E29D1D11217700FCD03D /* Build configuration list for PBXNativeTarget "ElevenBaseFrameWorkUITests" */ = {
			isa = XCConfigurationList;
			buildConfigurations = (
				A396E29E1D11217700FCD03D /* Debug */,
				A396E29F1D11217700FCD03D /* Release */,
			);
			defaultConfigurationIsVisible = 0;
			defaultConfigurationName = Release;
		};
/* End XCConfigurationList section */
	};
	rootObject = A396E2621D11217600FCD03D /* Project object */;
}
